// !$*UTF8*$!
{
	archiveVersion = 1;
	classes = {
	};
	objectVersion = 46;
	objects = {

/* Begin PBXBuildFile section */
		D9C471191EBC8156000D242C /* NSBundleLanguage.m in Sources */ = {isa = PBXBuildFile; fileRef = D9C471181EBC8156000D242C /* NSBundleLanguage.m */; };
		D9C4711D1EBC8241000D242C /* Localizable.strings in Resources */ = {isa = PBXBuildFile; fileRef = D9C4711F1EBC8241000D242C /* Localizable.strings */; };
		D9C471281EBC9CA8000D242C /* LanguageManager.swift in Sources */ = {isa = PBXBuildFile; fileRef = D9C471271EBC9CA8000D242C /* LanguageManager.swift */; };
		D9C4712D1EBC9D8C000D242C /* AppDelegate.swift in Sources */ = {isa = PBXBuildFile; fileRef = D9C4712B1EBC9D8C000D242C /* AppDelegate.swift */; };
		D9C4712E1EBC9D8C000D242C /* ViewController.swift in Sources */ = {isa = PBXBuildFile; fileRef = D9C4712C1EBC9D8C000D242C /* ViewController.swift */; };
		D9C471351EBC9DDD000D242C /* LaunchScreen.storyboard in Resources */ = {isa = PBXBuildFile; fileRef = D9C471311EBC9DDD000D242C /* LaunchScreen.storyboard */; };
		D9C471361EBC9DDD000D242C /* Main.storyboard in Resources */ = {isa = PBXBuildFile; fileRef = D9C471331EBC9DDD000D242C /* Main.storyboard */; };
		D9C471381EBC9DF0000D242C /* Assets.xcassets in Resources */ = {isa = PBXBuildFile; fileRef = D9C471371EBC9DF0000D242C /* Assets.xcassets */; };
/* End PBXBuildFile section */

/* Begin PBXFileReference section */
		D9C471001EBC807F000D242C /* LanguageManger.app */ = {isa = PBXFileReference; explicitFileType = wrapper.application; includeInIndex = 0; path = LanguageManger.app; sourceTree = BUILT_PRODUCTS_DIR; };
		D9C4710F1EBC807F000D242C /* Info.plist */ = {isa = PBXFileReference; lastKnownFileType = text.plist.xml; path = Info.plist; sourceTree = "<group>"; };
		D9C471161EBC8155000D242C /* LanguageManger-Bridging-Header.h */ = {isa = PBXFileReference; lastKnownFileType = sourcecode.c.h; path = "LanguageManger-Bridging-Header.h"; sourceTree = "<group>"; };
		D9C471171EBC8156000D242C /* NSBundleLanguage.h */ = {isa = PBXFileReference; fileEncoding = 4; lastKnownFileType = sourcecode.c.h; name = NSBundleLanguage.h; path = Bundle/NSBundleLanguage.h; sourceTree = SOURCE_ROOT; };
		D9C471181EBC8156000D242C /* NSBundleLanguage.m */ = {isa = PBXFileReference; fileEncoding = 4; lastKnownFileType = sourcecode.c.objc; name = NSBundleLanguage.m; path = Bundle/NSBundleLanguage.m; sourceTree = SOURCE_ROOT; };
		D9C4711E1EBC8241000D242C /* en */ = {isa = PBXFileReference; lastKnownFileType = text.plist.strings; name = en; path = en.lproj/Localizable.strings; sourceTree = "<group>"; };
		D9C471231EBC83B7000D242C /* fr */ = {isa = PBXFileReference; lastKnownFileType = text.plist.strings; name = fr; path = fr.lproj/Localizable.strings; sourceTree = "<group>"; };
		D9C471261EBC83C2000D242C /* es */ = {isa = PBXFileReference; lastKnownFileType = text.plist.strings; name = es; path = es.lproj/Localizable.strings; sourceTree = "<group>"; };
		D9C471271EBC9CA8000D242C /* LanguageManager.swift */ = {isa = PBXFileReference; fileEncoding = 4; lastKnownFileType = sourcecode.swift; name = LanguageManager.swift; path = Ressources/LanguageManager.swift; sourceTree = SOURCE_ROOT; };
		D9C4712B1EBC9D8C000D242C /* AppDelegate.swift */ = {isa = PBXFileReference; fileEncoding = 4; lastKnownFileType = sourcecode.swift; path = AppDelegate.swift; sourceTree = SOURCE_ROOT; };
		D9C4712C1EBC9D8C000D242C /* ViewController.swift */ = {isa = PBXFileReference; fileEncoding = 4; lastKnownFileType = sourcecode.swift; path = ViewController.swift; sourceTree = SOURCE_ROOT; };
		D9C471321EBC9DDD000D242C /* Base */ = {isa = PBXFileReference; lastKnownFileType = file.storyboard; name = Base; path = Base.lproj/LaunchScreen.storyboard; sourceTree = SOURCE_ROOT; };
		D9C471341EBC9DDD000D242C /* Base */ = {isa = PBXFileReference; lastKnownFileType = file.storyboard; name = Base; path = Base.lproj/Main.storyboard; sourceTree = SOURCE_ROOT; };
		D9C471371EBC9DF0000D242C /* Assets.xcassets */ = {isa = PBXFileReference; lastKnownFileType = folder.assetcatalog; path = Assets.xcassets; sourceTree = SOURCE_ROOT; };
/* End PBXFileReference section */

/* Begin PBXFrameworksBuildPhase section */
		D9C470FD1EBC807F000D242C /* Frameworks */ = {
			isa = PBXFrameworksBuildPhase;
			buildActionMask = 2147483647;
			files = (
			);
			runOnlyForDeploymentPostprocessing = 0;
		};
/* End PBXFrameworksBuildPhase section */

/* Begin PBXGroup section */
		D9C470F71EBC807F000D242C = {
			isa = PBXGroup;
			children = (
				D9C471021EBC807F000D242C /* LanguageManger */,
				D9C471011EBC807F000D242C /* Products */,
			);
			sourceTree = "<group>";
		};
		D9C471011EBC807F000D242C /* Products */ = {
			isa = PBXGroup;
			children = (
				D9C471001EBC807F000D242C /* LanguageManger.app */,
			);
			name = Products;
			sourceTree = "<group>";
		};
		D9C471021EBC807F000D242C /* LanguageManger */ = {
			isa = PBXGroup;
			children = (
				D9C4711A1EBC8219000D242C /* Ressources */,
				D9C471151EBC8130000D242C /* Bundle */,
				D9C4710F1EBC807F000D242C /* Info.plist */,
				D9C471271EBC9CA8000D242C /* LanguageManager.swift */,
				D9C4712B1EBC9D8C000D242C /* AppDelegate.swift */,
				D9C4712C1EBC9D8C000D242C /* ViewController.swift */,
				D9C471371EBC9DF0000D242C /* Assets.xcassets */,
				D9C471311EBC9DDD000D242C /* LaunchScreen.storyboard */,
				D9C471331EBC9DDD000D242C /* Main.storyboard */,
			);
			path = LanguageManger;
			sourceTree = "<group>";
		};
		D9C471151EBC8130000D242C /* Bundle */ = {
			isa = PBXGroup;
			children = (
				D9C471171EBC8156000D242C /* NSBundleLanguage.h */,
				D9C471181EBC8156000D242C /* NSBundleLanguage.m */,
				D9C471161EBC8155000D242C /* LanguageManger-Bridging-Header.h */,
			);
			path = Bundle;
			sourceTree = "<group>";
		};
		D9C4711A1EBC8219000D242C /* Ressources */ = {
			isa = PBXGroup;
			children = (
				D9C4711F1EBC8241000D242C /* Localizable.strings */,
			);
			path = Ressources;
			sourceTree = "<group>";
		};
/* End PBXGroup section */

/* Begin PBXNativeTarget section */
		D9C470FF1EBC807F000D242C /* LanguageManger */ = {
			isa = PBXNativeTarget;
			buildConfigurationList = D9C471121EBC807F000D242C /* Build configuration list for PBXNativeTarget "LanguageManger" */;
			buildPhases = (
				D9C470FC1EBC807F000D242C /* Sources */,
				D9C470FD1EBC807F000D242C /* Frameworks */,
				D9C470FE1EBC807F000D242C /* Resources */,
			);
			buildRules = (
			);
			dependencies = (
			);
			name = LanguageManger;
			productName = LanguageManger;
			productReference = D9C471001EBC807F000D242C /* LanguageManger.app */;
			productType = "com.apple.product-type.application";
		};
/* End PBXNativeTarget section */

/* Begin PBXProject section */
		D9C470F81EBC807F000D242C /* Project object */ = {
			isa = PBXProject;
			attributes = {
				LastSwiftUpdateCheck = 0830;
				LastUpgradeCheck = 0830;
				ORGANIZATIONNAME = mohamedz;
				TargetAttributes = {
					D9C470FF1EBC807F000D242C = {
						CreatedOnToolsVersion = 8.3.2;
						DevelopmentTeam = U76D6E368Z;
						LastSwiftMigration = 0830;
						ProvisioningStyle = Automatic;
					};
				};
			};
			buildConfigurationList = D9C470FB1EBC807F000D242C /* Build configuration list for PBXProject "LanguageManger" */;
			compatibilityVersion = "Xcode 3.2";
			developmentRegion = English;
			hasScannedForEncodings = 0;
			knownRegions = (
				en,
				Base,
				fr,
				es,
			);
			mainGroup = D9C470F71EBC807F000D242C;
			productRefGroup = D9C471011EBC807F000D242C /* Products */;
			projectDirPath = "";
			projectRoot = "";
			targets = (
				D9C470FF1EBC807F000D242C /* LanguageManger */,
			);
		};
/* End PBXProject section */

/* Begin PBXResourcesBuildPhase section */
		D9C470FE1EBC807F000D242C /* Resources */ = {
			isa = PBXResourcesBuildPhase;
			buildActionMask = 2147483647;
			files = (
				D9C471351EBC9DDD000D242C /* LaunchScreen.storyboard in Resources */,
				D9C4711D1EBC8241000D242C /* Localizable.strings in Resources */,
				D9C471381EBC9DF0000D242C /* Assets.xcassets in Resources */,
				D9C471361EBC9DDD000D242C /* Main.storyboard in Resources */,
			);
			runOnlyForDeploymentPostprocessing = 0;
		};
/* End PBXResourcesBuildPhase section */

/* Begin PBXSourcesBuildPhase section */
		D9C470FC1EBC807F000D242C /* Sources */ = {
			isa = PBXSourcesBuildPhase;
			buildActionMask = 2147483647;
			files = (
				D9C4712D1EBC9D8C000D242C /* AppDelegate.swift in Sources */,
				D9C471191EBC8156000D242C /* NSBundleLanguage.m in Sources */,
				D9C4712E1EBC9D8C000D242C /* ViewController.swift in Sources */,
				D9C471281EBC9CA8000D242C /* LanguageManager.swift in Sources */,
			);
			runOnlyForDeploymentPostprocessing = 0;
		};
/* End PBXSourcesBuildPhase section */

/* Begin PBXVariantGroup section */
		D9C4711F1EBC8241000D242C /* Localizable.strings */ = {
			isa = PBXVariantGroup;
			children = (
				D9C4711E1EBC8241000D242C /* en */,
				D9C471231EBC83B7000D242C /* fr */,
				D9C471261EBC83C2000D242C /* es */,
			);
			name = Localizable.strings;
			path = Ressources;
			sourceTree = SOURCE_ROOT;
		};
		D9C471311EBC9DDD000D242C /* LaunchScreen.storyboard */ = {
			isa = PBXVariantGroup;
			children = (
				D9C471321EBC9DDD000D242C /* Base */,
			);
			name = LaunchScreen.storyboard;
			sourceTree = "<group>";
		};
		D9C471331EBC9DDD000D242C /* Main.storyboard */ = {
			isa = PBXVariantGroup;
			children = (
				D9C471341EBC9DDD000D242C /* Base */,
			);
			name = Main.storyboard;
			sourceTree = "<group>";
		};
/* End PBXVariantGroup section */

/* Begin XCBuildConfiguration section */
		D9C471101EBC807F000D242C /* Debug */ = {
			isa = XCBuildConfiguration;
			buildSettings = {
				ALWAYS_SEARCH_USER_PATHS = NO;
				CLANG_ANALYZER_LOCALIZABILITY_NONLOCALIZED = YES;
				CLANG_ANALYZER_NONNULL = YES;
				CLANG_ANALYZER_NUMBER_OBJECT_CONVERSION = YES_AGGRESSIVE;
				CLANG_CXX_LANGUAGE_STANDARD = "gnu++0x";
				CLANG_CXX_LIBRARY = "libc++";
				CLANG_ENABLE_MODULES = YES;
				CLANG_ENABLE_OBJC_ARC = YES;
				CLANG_WARN_BOOL_CONVERSION = YES;
				CLANG_WARN_CONSTANT_CONVERSION = YES;
				CLANG_WARN_DIRECT_OBJC_ISA_USAGE = YES_ERROR;
				CLANG_WARN_DOCUMENTATION_COMMENTS = YES;
				CLANG_WARN_EMPTY_BODY = YES;
				CLANG_WARN_ENUM_CONVERSION = YES;
				CLANG_WARN_INFINITE_RECURSION = YES;
				CLANG_WARN_INT_CONVERSION = YES;
				CLANG_WARN_OBJC_ROOT_CLASS = YES_ERROR;
				CLANG_WARN_SUSPICIOUS_MOVE = YES;
				CLANG_WARN_UNREACHABLE_CODE = YES;
				CLANG_WARN__DUPLICATE_METHOD_MATCH = YES;
				"CODE_SIGN_IDENTITY[sdk=iphoneos*]" = "iPhone Developer";
				COPY_PHASE_STRIP = NO;
				DEBUG_INFORMATION_FORMAT = dwarf;
				ENABLE_STRICT_OBJC_MSGSEND = YES;
				ENABLE_TESTABILITY = YES;
				GCC_C_LANGUAGE_STANDARD = gnu99;
				GCC_DYNAMIC_NO_PIC = NO;
				GCC_NO_COMMON_BLOCKS = YES;
				GCC_OPTIMIZATION_LEVEL = 0;
				GCC_PREPROCESSOR_DEFINITIONS = (
					"DEBUG=1",
					"$(inherited)",
				);
				GCC_WARN_64_TO_32_BIT_CONVERSION = YES;
				GCC_WARN_ABOUT_RETURN_TYPE = YES_ERROR;
				GCC_WARN_UNDECLARED_SELECTOR = YES;
				GCC_WARN_UNINITIALIZED_AUTOS = YES_AGGRESSIVE;
				GCC_WARN_UNUSED_FUNCTION = YES;
				GCC_WARN_UNUSED_VARIABLE = YES;
				IPHONEOS_DEPLOYMENT_TARGET = 10.3;
				MTL_ENABLE_DEBUG_INFO = YES;
				ONLY_ACTIVE_ARCH = YES;
				SDKROOT = iphoneos;
				SWIFT_ACTIVE_COMPILATION_CONDITIONS = DEBUG;
				SWIFT_OPTIMIZATION_LEVEL = "-Onone";
				TARGETED_DEVICE_FAMILY = "1,2";
			};
			name = Debug;
		};
		D9C471111EBC807F000D242C /* Release */ = {
			isa = XCBuildConfiguration;
			buildSettings = {
				ALWAYS_SEARCH_USER_PATHS = NO;
				CLANG_ANALYZER_LOCALIZABILITY_NONLOCALIZED = YES;
				CLANG_ANALYZER_NONNULL = YES;
				CLANG_ANALYZER_NUMBER_OBJECT_CONVERSION = YES_AGGRESSIVE;
				CLANG_CXX_LANGUAGE_STANDARD = "gnu++0x";
				CLANG_CXX_LIBRARY = "libc++";
				CLANG_ENABLE_MODULES = YES;
				CLANG_ENABLE_OBJC_ARC = YES;
				CLANG_WARN_BOOL_CONVERSION = YES;
				CLANG_WARN_CONSTANT_CONVERSION = YES;
				CLANG_WARN_DIRECT_OBJC_ISA_USAGE = YES_ERROR;
				CLANG_WARN_DOCUMENTATION_COMMENTS = YES;
				CLANG_WARN_EMPTY_BODY = YES;
				CLANG_WARN_ENUM_CONVERSION = YES;
				CLANG_WARN_INFINITE_RECURSION = YES;
				CLANG_WARN_INT_CONVERSION = YES;
				CLANG_WARN_OBJC_ROOT_CLASS = YES_ERROR;
				CLANG_WARN_SUSPICIOUS_MOVE = YES;
				CLANG_WARN_UNREACHABLE_CODE = YES;
				CLANG_WARN__DUPLICATE_METHOD_MATCH = YES;
				"CODE_SIGN_IDENTITY[sdk=iphoneos*]" = "iPhone Developer";
				COPY_PHASE_STRIP = NO;
				DEBUG_INFORMATION_FORMAT = "dwarf-with-dsym";
				ENABLE_NS_ASSERTIONS = NO;
				ENABLE_STRICT_OBJC_MSGSEND = YES;
				GCC_C_LANGUAGE_STANDARD = gnu99;
				GCC_NO_COMMON_BLOCKS = YES;
				GCC_WARN_64_TO_32_BIT_CONVERSION = YES;
				GCC_WARN_ABOUT_RETURN_TYPE = YES_ERROR;
				GCC_WARN_UNDECLARED_SELECTOR = YES;
				GCC_WARN_UNINITIALIZED_AUTOS = YES_AGGRESSIVE;
				GCC_WARN_UNUSED_FUNCTION = YES;
				GCC_WARN_UNUSED_VARIABLE = YES;
				IPHONEOS_DEPLOYMENT_TARGET = 10.3;
				MTL_ENABLE_DEBUG_INFO = NO;
				SDKROOT = iphoneos;
				SWIFT_OPTIMIZATION_LEVEL = "-Owholemodule";
				TARGETED_DEVICE_FAMILY = "1,2";
				VALIDATE_PRODUCT = YES;
			};
			name = Release;
		};
		D9C471131EBC807F000D242C /* Debug */ = {
			isa = XCBuildConfiguration;
			buildSettings = {
				ASSETCATALOG_COMPILER_APPICON_NAME = AppIcon;
				CLANG_ENABLE_MODULES = YES;
				DEVELOPMENT_TEAM = U76D6E368Z;
				INFOPLIST_FILE = "$(SRCROOT)/Info.plist";
				IPHONEOS_DEPLOYMENT_TARGET = 9.0;
				LD_RUNPATH_SEARCH_PATHS = "$(inherited) @executable_path/Frameworks";
				PRODUCT_BUNDLE_IDENTIFIER = be.mohamedz.LanguageManger;
				PRODUCT_NAME = "$(TARGET_NAME)";
				SWIFT_OBJC_BRIDGING_HEADER = "Bundle/LanguageManger-Bridging-Header.h";
				SWIFT_OPTIMIZATION_LEVEL = "-Onone";
				SWIFT_VERSION = 3.0;
				TARGETED_DEVICE_FAMILY = "1,2";
			};
			name = Debug;
		};
		D9C471141EBC807F000D242C /* Release */ = {
			isa = XCBuildConfiguration;
			buildSettings = {
				ASSETCATALOG_COMPILER_APPICON_NAME = AppIcon;
				CLANG_ENABLE_MODULES = YES;
				DEVELOPMENT_TEAM = U76D6E368Z;
				INFOPLIST_FILE = "$(SRCROOT)/Info.plist";
				IPHONEOS_DEPLOYMENT_TARGET = 9.0;
				LD_RUNPATH_SEARCH_PATHS = "$(inherited) @executable_path/Frameworks";
				PRODUCT_BUNDLE_IDENTIFIER = be.mohamedz.LanguageManger;
				PRODUCT_NAME = "$(TARGET_NAME)";
				SWIFT_OBJC_BRIDGING_HEADER = "Bundle/LanguageManger-Bridging-Header.h";
				SWIFT_VERSION = 3.0;
				TARGETED_DEVICE_FAMILY = "1,2";
			};
			name = Release;
		};
/* End XCBuildConfiguration section */

/* Begin XCConfigurationList section */
		D9C470FB1EBC807F000D242C /* Build configuration list for PBXProject "LanguageManger" */ = {
			isa = XCConfigurationList;
			buildConfigurations = (
				D9C471101EBC807F000D242C /* Debug */,
				D9C471111EBC807F000D242C /* Release */,
			);
			defaultConfigurationIsVisible = 0;
			defaultConfigurationName = Release;
		};
		D9C471121EBC807F000D242C /* Build configuration list for PBXNativeTarget "LanguageManger" */ = {
			isa = XCConfigurationList;
			buildConfigurations = (
				D9C471131EBC807F000D242C /* Debug */,
				D9C471141EBC807F000D242C /* Release */,
			);
			defaultConfigurationIsVisible = 0;
			defaultConfigurationName = Release;
		};
/* End XCConfigurationList section */
	};
	rootObject = D9C470F81EBC807F000D242C /* Project object */;
}
